
Microsoft Visual Studio Solution File, Format Version 12.00
# Visual Studio Version 16
VisualStudioVersion = 16.0.28922.388
MinimumVisualStudioVersion = 10.0.40219.1
Project("{FAE04EC0-301F-11D3-BF4B-00C04F79EFBC}") = "QueensAttack", "QueensAttack\QueensAttack.csproj", "{FCD628CB-E6EA-4C06-A100-121C13115842}"
EndProject
Global
	GlobalSection(SolutionConfigurationPlatforms) = preSolution
		Debug|Any CPU = Debug|Any CPU
		Release|Any CPU = Release|Any CPU
	EndGlobalSection
	GlobalSection(ProjectConfigurationPlatforms) = postSolution
		{FCD628CB-E6EA-4C06-A100-121C13115842}.Debug|Any CPU.ActiveCfg = Debug|Any CPU
		{FCD628CB-E6EA-4C06-A100-121C13115842}.Debug|Any CPU.Build.0 = Debug|Any CPU
		{FCD628CB-E6EA-4C06-A100-121C13115842}.Release|Any CPU.ActiveCfg = Release|Any CPU
		{FCD628CB-E6EA-4C06-A100-121C13115842}.Release|Any CPU.Build.0 = Release|Any CPU
	EndGlobalSection
	GlobalSection(SolutionProperties) = preSolution
		HideSolutionNode = FALSE
	EndGlobalSection
	GlobalSection(ExtensibilityGlobals) = postSolution
		SolutionGuid = {3C654999-CA9D-4DF7-A7EC-E87B447242AA}
	EndGlobalSection
EndGlobal
